// !$*UTF8*$!
{
	archiveVersion = 1;
	classes = {
	};
	objectVersion = 50;
	objects = {

/* Begin PBXBuildFile section */
		434ECC942302F142001CA54A /* AppDelegate.swift in Sources */ = {isa = PBXBuildFile; fileRef = 434ECC932302F142001CA54A /* AppDelegate.swift */; };
		434ECC992302F142001CA54A /* Main.storyboard in Resources */ = {isa = PBXBuildFile; fileRef = 434ECC972302F142001CA54A /* Main.storyboard */; };
		434ECC9C2302F142001CA54A /* ViewFinder.xcdatamodeld in Sources */ = {isa = PBXBuildFile; fileRef = 434ECC9A2302F142001CA54A /* ViewFinder.xcdatamodeld */; };
		434ECC9E2302F142001CA54A /* Assets.xcassets in Resources */ = {isa = PBXBuildFile; fileRef = 434ECC9D2302F142001CA54A /* Assets.xcassets */; };
		434ECCA12302F142001CA54A /* LaunchScreen.storyboard in Resources */ = {isa = PBXBuildFile; fileRef = 434ECC9F2302F142001CA54A /* LaunchScreen.storyboard */; };
		434ECCAC2302F143001CA54A /* ViewFinderTests.swift in Sources */ = {isa = PBXBuildFile; fileRef = 434ECCAB2302F143001CA54A /* ViewFinderTests.swift */; };
		434ECCB72302F143001CA54A /* ViewFinderUITests.swift in Sources */ = {isa = PBXBuildFile; fileRef = 434ECCB62302F143001CA54A /* ViewFinderUITests.swift */; };
		434ECCC82302FE6F001CA54A /* ViewController.swift in Sources */ = {isa = PBXBuildFile; fileRef = 434ECCC72302FE6F001CA54A /* ViewController.swift */; };
/* End PBXBuildFile section */

/* Begin PBXContainerItemProxy section */
		434ECCA82302F143001CA54A /* PBXContainerItemProxy */ = {
			isa = PBXContainerItemProxy;
			containerPortal = 434ECC882302F142001CA54A /* Project object */;
			proxyType = 1;
			remoteGlobalIDString = 434ECC8F2302F142001CA54A;
			remoteInfo = ViewFinder;
		};
		434ECCB32302F143001CA54A /* PBXContainerItemProxy */ = {
			isa = PBXContainerItemProxy;
			containerPortal = 434ECC882302F142001CA54A /* Project object */;
			proxyType = 1;
			remoteGlobalIDString = 434ECC8F2302F142001CA54A;
			remoteInfo = ViewFinder;
		};
/* End PBXContainerItemProxy section */

/* Begin PBXFileReference section */
		434ECC902302F142001CA54A /* ViewFinder.app */ = {isa = PBXFileReference; explicitFileType = wrapper.application; includeInIndex = 0; path = ViewFinder.app; sourceTree = BUILT_PRODUCTS_DIR; };
		434ECC932302F142001CA54A /* AppDelegate.swift */ = {isa = PBXFileReference; lastKnownFileType = sourcecode.swift; path = AppDelegate.swift; sourceTree = "<group>"; };
		434ECC982302F142001CA54A /* Base */ = {isa = PBXFileReference; lastKnownFileType = file.storyboard; name = Base; path = Base.lproj/Main.storyboard; sourceTree = "<group>"; };
		434ECC9B2302F142001CA54A /* ViewFinder.xcdatamodel */ = {isa = PBXFileReference; lastKnownFileType = wrapper.xcdatamodel; path = ViewFinder.xcdatamodel; sourceTree = "<group>"; };
		434ECC9D2302F142001CA54A /* Assets.xcassets */ = {isa = PBXFileReference; lastKnownFileType = folder.assetcatalog; path = Assets.xcassets; sourceTree = "<group>"; };
		434ECCA02302F142001CA54A /* Base */ = {isa = PBXFileReference; lastKnownFileType = file.storyboard; name = Base; path = Base.lproj/LaunchScreen.storyboard; sourceTree = "<group>"; };
		434ECCA22302F142001CA54A /* Info.plist */ = {isa = PBXFileReference; lastKnownFileType = text.plist.xml; path = Info.plist; sourceTree = "<group>"; };
		434ECCA72302F143001CA54A /* ViewFinderTests.xctest */ = {isa = PBXFileReference; explicitFileType = wrapper.cfbundle; includeInIndex = 0; path = ViewFinderTests.xctest; sourceTree = BUILT_PRODUCTS_DIR; };
		434ECCAB2302F143001CA54A /* ViewFinderTests.swift */ = {isa = PBXFileReference; lastKnownFileType = sourcecode.swift; path = ViewFinderTests.swift; sourceTree = "<group>"; };
		434ECCAD2302F143001CA54A /* Info.plist */ = {isa = PBXFileReference; lastKnownFileType = text.plist.xml; path = Info.plist; sourceTree = "<group>"; };
		434ECCB22302F143001CA54A /* ViewFinderUITests.xctest */ = {isa = PBXFileReference; explicitFileType = wrapper.cfbundle; includeInIndex = 0; path = ViewFinderUITests.xctest; sourceTree = BUILT_PRODUCTS_DIR; };
		434ECCB62302F143001CA54A /* ViewFinderUITests.swift */ = {isa = PBXFileReference; lastKnownFileType = sourcecode.swift; path = ViewFinderUITests.swift; sourceTree = "<group>"; };
		434ECCB82302F143001CA54A /* Info.plist */ = {isa = PBXFileReference; lastKnownFileType = text.plist.xml; path = Info.plist; sourceTree = "<group>"; };
		434ECCC72302FE6F001CA54A /* ViewController.swift */ = {isa = PBXFileReference; lastKnownFileType = sourcecode.swift; path = ViewController.swift; sourceTree = "<group>"; };
/* End PBXFileReference section */

/* Begin PBXFrameworksBuildPhase section */
		434ECC8D2302F142001CA54A /* Frameworks */ = {
			isa = PBXFrameworksBuildPhase;
			buildActionMask = 2147483647;
			files = (
			);
			runOnlyForDeploymentPostprocessing = 0;
		};
		434ECCA42302F142001CA54A /* Frameworks */ = {
			isa = PBXFrameworksBuildPhase;
			buildActionMask = 2147483647;
			files = (
			);
			runOnlyForDeploymentPostprocessing = 0;
		};
		434ECCAF2302F143001CA54A /* Frameworks */ = {
			isa = PBXFrameworksBuildPhase;
			buildActionMask = 2147483647;
			files = (
			);
			runOnlyForDeploymentPostprocessing = 0;
		};
/* End PBXFrameworksBuildPhase section */

/* Begin PBXGroup section */
		434ECC872302F142001CA54A = {
			isa = PBXGroup;
			children = (
				434ECCC72302FE6F001CA54A /* ViewController.swift */,
				434ECC922302F142001CA54A /* ViewFinder */,
				434ECCAA2302F143001CA54A /* ViewFinderTests */,
				434ECCB52302F143001CA54A /* ViewFinderUITests */,
				434ECC912302F142001CA54A /* Products */,
			);
			sourceTree = "<group>";
		};
		434ECC912302F142001CA54A /* Products */ = {
			isa = PBXGroup;
			children = (
				434ECC902302F142001CA54A /* ViewFinder.app */,
				434ECCA72302F143001CA54A /* ViewFinderTests.xctest */,
				434ECCB22302F143001CA54A /* ViewFinderUITests.xctest */,
			);
			name = Products;
			sourceTree = "<group>";
		};
		434ECC922302F142001CA54A /* ViewFinder */ = {
			isa = PBXGroup;
			children = (
				434ECC932302F142001CA54A /* AppDelegate.swift */,
				434ECC972302F142001CA54A /* Main.storyboard */,
				434ECC9D2302F142001CA54A /* Assets.xcassets */,
				434ECC9F2302F142001CA54A /* LaunchScreen.storyboard */,
				434ECCA22302F142001CA54A /* Info.plist */,
				434ECC9A2302F142001CA54A /* ViewFinder.xcdatamodeld */,
			);
			path = ViewFinder;
			sourceTree = "<group>";
		};
		434ECCAA2302F143001CA54A /* ViewFinderTests */ = {
			isa = PBXGroup;
			children = (
				434ECCAB2302F143001CA54A /* ViewFinderTests.swift */,
				434ECCAD2302F143001CA54A /* Info.plist */,
			);
			path = ViewFinderTests;
			sourceTree = "<group>";
		};
		434ECCB52302F143001CA54A /* ViewFinderUITests */ = {
			isa = PBXGroup;
			children = (
				434ECCB62302F143001CA54A /* ViewFinderUITests.swift */,
				434ECCB82302F143001CA54A /* Info.plist */,
			);
			path = ViewFinderUITests;
			sourceTree = "<group>";
		};
/* End PBXGroup section */

/* Begin PBXNativeTarget section */
		434ECC8F2302F142001CA54A /* ViewFinder */ = {
			isa = PBXNativeTarget;
			buildConfigurationList = 434ECCBB2302F143001CA54A /* Build configuration list for PBXNativeTarget "ViewFinder" */;
			buildPhases = (
				434ECC8C2302F142001CA54A /* Sources */,
				434ECC8D2302F142001CA54A /* Frameworks */,
				434ECC8E2302F142001CA54A /* Resources */,
			);
			buildRules = (
			);
			dependencies = (
			);
			name = ViewFinder;
			productName = ViewFinder;
			productReference = 434ECC902302F142001CA54A /* ViewFinder.app */;
			productType = "com.apple.product-type.application";
		};
		434ECCA62302F142001CA54A /* ViewFinderTests */ = {
			isa = PBXNativeTarget;
			buildConfigurationList = 434ECCBE2302F143001CA54A /* Build configuration list for PBXNativeTarget "ViewFinderTests" */;
			buildPhases = (
				434ECCA32302F142001CA54A /* Sources */,
				434ECCA42302F142001CA54A /* Frameworks */,
				434ECCA52302F142001CA54A /* Resources */,
			);
			buildRules = (
			);
			dependencies = (
				434ECCA92302F143001CA54A /* PBXTargetDependency */,
			);
			name = ViewFinderTests;
			productName = ViewFinderTests;
			productReference = 434ECCA72302F143001CA54A /* ViewFinderTests.xctest */;
			productType = "com.apple.product-type.bundle.unit-test";
		};
		434ECCB12302F143001CA54A /* ViewFinderUITests */ = {
			isa = PBXNativeTarget;
			buildConfigurationList = 434ECCC12302F143001CA54A /* Build configuration list for PBXNativeTarget "ViewFinderUITests" */;
			buildPhases = (
				434ECCAE2302F143001CA54A /* Sources */,
				434ECCAF2302F143001CA54A /* Frameworks */,
				434ECCB02302F143001CA54A /* Resources */,
			);
			buildRules = (
			);
			dependencies = (
				434ECCB42302F143001CA54A /* PBXTargetDependency */,
			);
			name = ViewFinderUITests;
			productName = ViewFinderUITests;
			productReference = 434ECCB22302F143001CA54A /* ViewFinderUITests.xctest */;
			productType = "com.apple.product-type.bundle.ui-testing";
		};
/* End PBXNativeTarget section */

/* Begin PBXProject section */
		434ECC882302F142001CA54A /* Project object */ = {
			isa = PBXProject;
			attributes = {
				LastSwiftUpdateCheck = 1020;
				LastUpgradeCheck = 1020;
				ORGANIZATIONNAME = "Olukanyinsola(Esther)";
				TargetAttributes = {
					434ECC8F2302F142001CA54A = {
						CreatedOnToolsVersion = 10.2.1;
					};
					434ECCA62302F142001CA54A = {
						CreatedOnToolsVersion = 10.2.1;
						TestTargetID = 434ECC8F2302F142001CA54A;
					};
					434ECCB12302F143001CA54A = {
						CreatedOnToolsVersion = 10.2.1;
						TestTargetID = 434ECC8F2302F142001CA54A;
					};
				};
			};
			buildConfigurationList = 434ECC8B2302F142001CA54A /* Build configuration list for PBXProject "ViewFinder" */;
			compatibilityVersion = "Xcode 9.3";
			developmentRegion = en;
			hasScannedForEncodings = 0;
			knownRegions = (
				en,
				Base,
			);
			mainGroup = 434ECC872302F142001CA54A;
			productRefGroup = 434ECC912302F142001CA54A /* Products */;
			projectDirPath = "";
			projectRoot = "";
			targets = (
				434ECC8F2302F142001CA54A /* ViewFinder */,
				434ECCA62302F142001CA54A /* ViewFinderTests */,
				434ECCB12302F143001CA54A /* ViewFinderUITests */,
			);
		};
/* End PBXProject section */

/* Begin PBXResourcesBuildPhase section */
		434ECC8E2302F142001CA54A /* Resources */ = {
			isa = PBXResourcesBuildPhase;
			buildActionMask = 2147483647;
			files = (
				434ECCA12302F142001CA54A /* LaunchScreen.storyboard in Resources */,
				434ECC9E2302F142001CA54A /* Assets.xcassets in Resources */,
				434ECC992302F142001CA54A /* Main.storyboard in Resources */,
			);
			runOnlyForDeploymentPostprocessing = 0;
		};
		434ECCA52302F142001CA54A /* Resources */ = {
			isa = PBXResourcesBuildPhase;
			buildActionMask = 2147483647;
			files = (
			);
			runOnlyForDeploymentPostprocessing = 0;
		};
		434ECCB02302F143001CA54A /* Resources */ = {
			isa = PBXResourcesBuildPhase;
			buildActionMask = 2147483647;
			files = (
			);
			runOnlyForDeploymentPostprocessing = 0;
		};
/* End PBXResourcesBuildPhase section */

/* Begin PBXSourcesBuildPhase section */
		434ECC8C2302F142001CA54A /* Sources */ = {
			isa = PBXSourcesBuildPhase;
			buildActionMask = 2147483647;
			files = (
				434ECCC82302FE6F001CA54A /* ViewController.swift in Sources */,
				434ECC9C2302F142001CA54A /* ViewFinder.xcdatamodeld in Sources */,
				434ECC942302F142001CA54A /* AppDelegate.swift in Sources */,
			);
			runOnlyForDeploymentPostprocessing = 0;
		};
		434ECCA32302F142001CA54A /* Sources */ = {
			isa = PBXSourcesBuildPhase;
			buildActionMask = 2147483647;
			files = (
				434ECCAC2302F143001CA54A /* ViewFinderTests.swift in Sources */,
			);
			runOnlyForDeploymentPostprocessing = 0;
		};
		434ECCAE2302F143001CA54A /* Sources */ = {
			isa = PBXSourcesBuildPhase;
			buildActionMask = 2147483647;
			files = (
				434ECCB72302F143001CA54A /* ViewFinderUITests.swift in Sources */,
			);
			runOnlyForDeploymentPostprocessing = 0;
		};
/* End PBXSourcesBuildPhase section */

/* Begin PBXTargetDependency section */
		434ECCA92302F143001CA54A /* PBXTargetDependency */ = {
			isa = PBXTargetDependency;
			target = 434ECC8F2302F142001CA54A /* ViewFinder */;
			targetProxy = 434ECCA82302F143001CA54A /* PBXContainerItemProxy */;
		};
		434ECCB42302F143001CA54A /* PBXTargetDependency */ = {
			isa = PBXTargetDependency;
			target = 434ECC8F2302F142001CA54A /* ViewFinder */;
			targetProxy = 434ECCB32302F143001CA54A /* PBXContainerItemProxy */;
		};
/* End PBXTargetDependency section */

/* Begin PBXVariantGroup section */
		434ECC972302F142001CA54A /* Main.storyboard */ = {
			isa = PBXVariantGroup;
			children = (
				434ECC982302F142001CA54A /* Base */,
			);
			name = Main.storyboard;
			sourceTree = "<group>";
		};
		434ECC9F2302F142001CA54A /* LaunchScreen.storyboard */ = {
			isa = PBXVariantGroup;
			children = (
				434ECCA02302F142001CA54A /* Base */,
			);
			name = LaunchScreen.storyboard;
			sourceTree = "<group>";
		};
/* End PBXVariantGroup section */

/* Begin XCBuildConfiguration section */
		434ECCB92302F143001CA54A /* Debug */ = {
			isa = XCBuildConfiguration;
			buildSettings = {
				ALWAYS_SEARCH_USER_PATHS = NO;
				CLANG_ANALYZER_NONNULL = YES;
				CLANG_ANALYZER_NUMBER_OBJECT_CONVERSION = YES_AGGRESSIVE;
				CLANG_CXX_LANGUAGE_STANDARD = "gnu++14";
				CLANG_CXX_LIBRARY = "libc++";
				CLANG_ENABLE_MODULES = YES;
				CLANG_ENABLE_OBJC_ARC = YES;
				CLANG_ENABLE_OBJC_WEAK = YES;
				CLANG_WARN_BLOCK_CAPTURE_AUTORELEASING = YES;
				CLANG_WARN_BOOL_CONVERSION = YES;
				CLANG_WARN_COMMA = YES;
				CLANG_WARN_CONSTANT_CONVERSION = YES;
				CLANG_WARN_DEPRECATED_OBJC_IMPLEMENTATIONS = YES;
				CLANG_WARN_DIRECT_OBJC_ISA_USAGE = YES_ERROR;
				CLANG_WARN_DOCUMENTATION_COMMENTS = YES;
				CLANG_WARN_EMPTY_BODY = YES;
				CLANG_WARN_ENUM_CONVERSION = YES;
				CLANG_WARN_INFINITE_RECURSION = YES;
				CLANG_WARN_INT_CONVERSION = YES;
				CLANG_WARN_NON_LITERAL_NULL_CONVERSION = YES;
				CLANG_WARN_OBJC_IMPLICIT_RETAIN_SELF = YES;
				CLANG_WARN_OBJC_LITERAL_CONVERSION = YES;
				CLANG_WARN_OBJC_ROOT_CLASS = YES_ERROR;
				CLANG_WARN_RANGE_LOOP_ANALYSIS = YES;
				CLANG_WARN_STRICT_PROTOTYPES = YES;
				CLANG_WARN_SUSPICIOUS_MOVE = YES;
				CLANG_WARN_UNGUARDED_AVAILABILITY = YES_AGGRESSIVE;
				CLANG_WARN_UNREACHABLE_CODE = YES;
				CLANG_WARN__DUPLICATE_METHOD_MATCH = YES;
				CODE_SIGN_IDENTITY = "iPhone Developer";
				COPY_PHASE_STRIP = NO;
				DEBUG_INFORMATION_FORMAT = dwarf;
				ENABLE_STRICT_OBJC_MSGSEND = YES;
				ENABLE_TESTABILITY = YES;
				GCC_C_LANGUAGE_STANDARD = gnu11;
				GCC_DYNAMIC_NO_PIC = NO;
				GCC_NO_COMMON_BLOCKS = YES;
				GCC_OPTIMIZATION_LEVEL = 0;
				GCC_PREPROCESSOR_DEFINITIONS = (
					"DEBUG=1",
					"$(inherited)",
				);
				GCC_WARN_64_TO_32_BIT_CONVERSION = YES;
				GCC_WARN_ABOUT_RETURN_TYPE = YES_ERROR;
				GCC_WARN_UNDECLARED_SELECTOR = YES;
				GCC_WARN_UNINITIALIZED_AUTOS = YES_AGGRESSIVE;
				GCC_WARN_UNUSED_FUNCTION = YES;
				GCC_WARN_UNUSED_VARIABLE = YES;
				IPHONEOS_DEPLOYMENT_TARGET = 12.2;
				MTL_ENABLE_DEBUG_INFO = INCLUDE_SOURCE;
				MTL_FAST_MATH = YES;
				ONLY_ACTIVE_ARCH = YES;
				SDKROOT = iphoneos;
				SWIFT_ACTIVE_COMPILATION_CONDITIONS = DEBUG;
				SWIFT_OPTIMIZATION_LEVEL = "-Onone";
			};
			name = Debug;
		};
		434ECCBA2302F143001CA54A /* Release */ = {
			isa = XCBuildConfiguration;
			buildSettings = {
				ALWAYS_SEARCH_USER_PATHS = NO;
				CLANG_ANALYZER_NONNULL = YES;
				CLANG_ANALYZER_NUMBER_OBJECT_CONVERSION = YES_AGGRESSIVE;
				CLANG_CXX_LANGUAGE_STANDARD = "gnu++14";
				CLANG_CXX_LIBRARY = "libc++";
				CLANG_ENABLE_MODULES = YES;
				CLANG_ENABLE_OBJC_ARC = YES;
				CLANG_ENABLE_OBJC_WEAK = YES;
				CLANG_WARN_BLOCK_CAPTURE_AUTORELEASING = YES;
				CLANG_WARN_BOOL_CONVERSION = YES;
				CLANG_WARN_COMMA = YES;
				CLANG_WARN_CONSTANT_CONVERSION = YES;
				CLANG_WARN_DEPRECATED_OBJC_IMPLEMENTATIONS = YES;
				CLANG_WARN_DIRECT_OBJC_ISA_USAGE = YES_ERROR;
				CLANG_WARN_DOCUMENTATION_COMMENTS = YES;
				CLANG_WARN_EMPTY_BODY = YES;
				CLANG_WARN_ENUM_CONVERSION = YES;
				CLANG_WARN_INFINITE_RECURSION = YES;
				CLANG_WARN_INT_CONVERSION = YES;
				CLANG_WARN_NON_LITERAL_NULL_CONVERSION = YES;
				CLANG_WARN_OBJC_IMPLICIT_RETAIN_SELF = YES;
				CLANG_WARN_OBJC_LITERAL_CONVERSION = YES;
				CLANG_WARN_OBJC_ROOT_CLASS = YES_ERROR;
				CLANG_WARN_RANGE_LOOP_ANALYSIS = YES;
				CLANG_WARN_STRICT_PROTOTYPES = YES;
				CLANG_WARN_SUSPICIOUS_MOVE = YES;
				CLANG_WARN_UNGUARDED_AVAILABILITY = YES_AGGRESSIVE;
				CLANG_WARN_UNREACHABLE_CODE = YES;
				CLANG_WARN__DUPLICATE_METHOD_MATCH = YES;
				CODE_SIGN_IDENTITY = "iPhone Developer";
				COPY_PHASE_STRIP = NO;
				DEBUG_INFORMATION_FORMAT = "dwarf-with-dsym";
				ENABLE_NS_ASSERTIONS = NO;
				ENABLE_STRICT_OBJC_MSGSEND = YES;
				GCC_C_LANGUAGE_STANDARD = gnu11;
				GCC_NO_COMMON_BLOCKS = YES;
				GCC_WARN_64_TO_32_BIT_CONVERSION = YES;
				GCC_WARN_ABOUT_RETURN_TYPE = YES_ERROR;
				GCC_WARN_UNDECLARED_SELECTOR = YES;
				GCC_WARN_UNINITIALIZED_AUTOS = YES_AGGRESSIVE;
				GCC_WARN_UNUSED_FUNCTION = YES;
				GCC_WARN_UNUSED_VARIABLE = YES;
				IPHONEOS_DEPLOYMENT_TARGET = 12.2;
				MTL_ENABLE_DEBUG_INFO = NO;
				MTL_FAST_MATH = YES;
				SDKROOT = iphoneos;
				SWIFT_COMPILATION_MODE = wholemodule;
				SWIFT_OPTIMIZATION_LEVEL = "-O";
				VALIDATE_PRODUCT = YES;
			};
			name = Release;
		};
		434ECCBC2302F143001CA54A /* Debug */ = {
			isa = XCBuildConfiguration;
			buildSettings = {
				ASSETCATALOG_COMPILER_APPICON_NAME = AppIcon;
				CODE_SIGN_STYLE = Automatic;
				INFOPLIST_FILE = ViewFinder/Info.plist;
				LD_RUNPATH_SEARCH_PATHS = (
					"$(inherited)",
					"@executable_path/Frameworks",
				);
				PRODUCT_BUNDLE_IDENTIFIER = KWK.ViewFinder;
				PRODUCT_NAME = "$(TARGET_NAME)";
				SWIFT_VERSION = 5.0;
				TARGETED_DEVICE_FAMILY = "1,2";
			};
			name = Debug;
		};
		434ECCBD2302F143001CA54A /* Release */ = {
			isa = XCBuildConfiguration;
			buildSettings = {
				ASSETCATALOG_COMPILER_APPICON_NAME = AppIcon;
				CODE_SIGN_STYLE = Automatic;
				INFOPLIST_FILE = ViewFinder/Info.plist;
				LD_RUNPATH_SEARCH_PATHS = (
					"$(inherited)",
					"@executable_path/Frameworks",
				);
				PRODUCT_BUNDLE_IDENTIFIER = KWK.ViewFinder;
				PRODUCT_NAME = "$(TARGET_NAME)";
				SWIFT_VERSION = 5.0;
				TARGETED_DEVICE_FAMILY = "1,2";
			};
			name = Release;
		};
		434ECCBF2302F143001CA54A /* Debug */ = {
			isa = XCBuildConfiguration;
			buildSettings = {
				ALWAYS_EMBED_SWIFT_STANDARD_LIBRARIES = YES;
				BUNDLE_LOADER = "$(TEST_HOST)";
				CODE_SIGN_STYLE = Automatic;
				INFOPLIST_FILE = ViewFinderTests/Info.plist;
				LD_RUNPATH_SEARCH_PATHS = (
					"$(inherited)",
					"@executable_path/Frameworks",
					"@loader_path/Frameworks",
				);
				PRODUCT_BUNDLE_IDENTIFIER = KWK.ViewFinderTests;
				PRODUCT_NAME = "$(TARGET_NAME)";
				SWIFT_VERSION = 5.0;
				TARGETED_DEVICE_FAMILY = "1,2";
				TEST_HOST = "$(BUILT_PRODUCTS_DIR)/ViewFinder.app/ViewFinder";
			};
			name = Debug;
		};
		434ECCC02302F143001CA54A /* Release */ = {
			isa = XCBuildConfiguration;
			buildSettings = {
				ALWAYS_EMBED_SWIFT_STANDARD_LIBRARIES = YES;
				BUNDLE_LOADER = "$(TEST_HOST)";
				CODE_SIGN_STYLE = Automatic;
				INFOPLIST_FILE = ViewFinderTests/Info.plist;
				LD_RUNPATH_SEARCH_PATHS = (
					"$(inherited)",
					"@executable_path/Frameworks",
					"@loader_path/Frameworks",
				);
				PRODUCT_BUNDLE_IDENTIFIER = KWK.ViewFinderTests;
				PRODUCT_NAME = "$(TARGET_NAME)";
				SWIFT_VERSION = 5.0;
				TARGETED_DEVICE_FAMILY = "1,2";
				TEST_HOST = "$(BUILT_PRODUCTS_DIR)/ViewFinder.app/ViewFinder";
			};
			name = Release;
		};
		434ECCC22302F143001CA54A /* Debug */ = {
			isa = XCBuildConfiguration;
			buildSettings = {
				ALWAYS_EMBED_SWIFT_STANDARD_LIBRARIES = YES;
				CODE_SIGN_STYLE = Automatic;
				INFOPLIST_FILE = ViewFinderUITests/Info.plist;
				LD_RUNPATH_SEARCH_PATHS = (
					"$(inherited)",
					"@executable_path/Frameworks",
					"@loader_path/Frameworks",
				);
				PRODUCT_BUNDLE_IDENTIFIER = KWK.ViewFinderUITests;
				PRODUCT_NAME = "$(TARGET_NAME)";
				SWIFT_VERSION = 5.0;
				TARGETED_DEVICE_FAMILY = "1,2";
				TEST_TARGET_NAME = ViewFinder;
			};
			name = Debug;
		};
		434ECCC32302F143001CA54A /* Release */ = {
			isa = XCBuildConfiguration;
			buildSettings = {
				ALWAYS_EMBED_SWIFT_STANDARD_LIBRARIES = YES;
				CODE_SIGN_STYLE = Automatic;
				INFOPLIST_FILE = ViewFinderUITests/Info.plist;
				LD_RUNPATH_SEARCH_PATHS = (
					"$(inherited)",
					"@executable_path/Frameworks",
					"@loader_path/Frameworks",
				);
				PRODUCT_BUNDLE_IDENTIFIER = KWK.ViewFinderUITests;
				PRODUCT_NAME = "$(TARGET_NAME)";
				SWIFT_VERSION = 5.0;
				TARGETED_DEVICE_FAMILY = "1,2";
				TEST_TARGET_NAME = ViewFinder;
			};
			name = Release;
		};
/* End XCBuildConfiguration section */

/* Begin XCConfigurationList section */
		434ECC8B2302F142001CA54A /* Build configuration list for PBXProject "ViewFinder" */ = {
			isa = XCConfigurationList;
			buildConfigurations = (
				434ECCB92302F143001CA54A /* Debug */,
				434ECCBA2302F143001CA54A /* Release */,
			);
			defaultConfigurationIsVisible = 0;
			defaultConfigurationName = Release;
		};
		434ECCBB2302F143001CA54A /* Build configuration list for PBXNativeTarget "ViewFinder" */ = {
			isa = XCConfigurationList;
			buildConfigurations = (
				434ECCBC2302F143001CA54A /* Debug */,
				434ECCBD2302F143001CA54A /* Release */,
			);
			defaultConfigurationIsVisible = 0;
			defaultConfigurationName = Release;
		};
		434ECCBE2302F143001CA54A /* Build configuration list for PBXNativeTarget "ViewFinderTests" */ = {
			isa = XCConfigurationList;
			buildConfigurations = (
				434ECCBF2302F143001CA54A /* Debug */,
				434ECCC02302F143001CA54A /* Release */,
			);
			defaultConfigurationIsVisible = 0;
			defaultConfigurationName = Release;
		};
		434ECCC12302F143001CA54A /* Build configuration list for PBXNativeTarget "ViewFinderUITests" */ = {
			isa = XCConfigurationList;
			buildConfigurations = (
				434ECCC22302F143001CA54A /* Debug */,
				434ECCC32302F143001CA54A /* Release */,
			);
			defaultConfigurationIsVisible = 0;
			defaultConfigurationName = Release;
		};
/* End XCConfigurationList section */

/* Begin XCVersionGroup section */
		434ECC9A2302F142001CA54A /* ViewFinder.xcdatamodeld */ = {
			isa = XCVersionGroup;
			children = (
				434ECC9B2302F142001CA54A /* ViewFinder.xcdatamodel */,
			);
			currentVersion = 434ECC9B2302F142001CA54A /* ViewFinder.xcdatamodel */;
			path = ViewFinder.xcdatamodeld;
			sourceTree = "<group>";
			versionGroupType = wrapper.xcdatamodel;
		};
/* End XCVersionGroup section */
	};
	rootObject = 434ECC882302F142001CA54A /* Project object */;
}
